
Microsoft Visual Studio Solution File, Format Version 12.00
# Visual Studio 15
VisualStudioVersion = 15.0.28010.2016
MinimumVisualStudioVersion = 10.0.40219.1
Project("{FAE04EC0-301F-11D3-BF4B-00C04F79EFBC}") = "ThreeT", "ThreeT\ThreeT.csproj", "{23E6A3C1-DCD0-4491-B250-C3799E517482}"
EndProject
Global
	GlobalSection(SolutionConfigurationPlatforms) = preSolution
		Debug|Any CPU = Debug|Any CPU
		Release|Any CPU = Release|Any CPU
	EndGlobalSection
	GlobalSection(ProjectConfigurationPlatforms) = postSolution
		{23E6A3C1-DCD0-4491-B250-C3799E517482}.Debug|Any CPU.ActiveCfg = Debug|Any CPU
		{23E6A3C1-DCD0-4491-B250-C3799E517482}.Debug|Any CPU.Build.0 = Debug|Any CPU
		{23E6A3C1-DCD0-4491-B250-C3799E517482}.Release|Any CPU.ActiveCfg = Release|Any CPU
		{23E6A3C1-DCD0-4491-B250-C3799E517482}.Release|Any CPU.Build.0 = Release|Any CPU
	EndGlobalSection
	GlobalSection(SolutionProperties) = preSolution
		HideSolutionNode = FALSE
	EndGlobalSection
	GlobalSection(ExtensibilityGlobals) = postSolution
		SolutionGuid = {5D7B5AF0-AEF7-4A17-BF89-3FDD8561D729}
	EndGlobalSection
EndGlobal
